Microsoft Visual Studio Solution File, Format Version 12.00
# Visual Studio Version 16
VisualStudioVersion = 16.0.0.0
MinimumVisualStudioVersion = 16.0.0.0
Project("{9A19103F-16F7-4668-BE54-9A1E7A4F7556}") = "TKZ.Server", "Server\TKZ.Server.csproj", "{12CF2832-03CE-4CDA-B2B9-CCB814ACE1DD}"
EndProject
Project("{9A19103F-16F7-4668-BE54-9A1E7A4F7556}") = "TKZ.Client", "Client\TKZ.Client.csproj", "{83057DD0-2F10-4AC0-9D9A-10758094CBD7}"
EndProject
Project("{9A19103F-16F7-4668-BE54-9A1E7A4F7556}") = "TKZ.Shared", "Shared\TKZ.Shared.csproj", "{FD75C5B0-06E5-42C4-8744-70DD626686FE}"
EndProject
Global
	GlobalSection(SolutionConfigurationPlatforms) = preSolution
		Debug|Any CPU = Debug|Any CPU
		Debug|x64 = Debug|x64
		Debug|x86 = Debug|x86
		Release|Any CPU = Release|Any CPU
		Release|x64 = Release|x64
		Release|x86 = Release|x86
	EndGlobalSection
	GlobalSection(ProjectConfigurationPlatforms) = postSolution
		{12CF2832-03CE-4CDA-B2B9-CCB814ACE1DD}.Debug|Any CPU.ActiveCfg = Debug|Any CPU
		{12CF2832-03CE-4CDA-B2B9-CCB814ACE1DD}.Debug|Any CPU.Build.0 = Debug|Any CPU
		{12CF2832-03CE-4CDA-B2B9-CCB814ACE1DD}.Debug|x64.ActiveCfg = Debug|Any CPU
		{12CF2832-03CE-4CDA-B2B9-CCB814ACE1DD}.Debug|x64.Build.0 = Debug|Any CPU
		{12CF2832-03CE-4CDA-B2B9-CCB814ACE1DD}.Debug|x86.ActiveCfg = Debug|Any CPU
		{12CF2832-03CE-4CDA-B2B9-CCB814ACE1DD}.Debug|x86.Build.0 = Debug|Any CPU
		{12CF2832-03CE-4CDA-B2B9-CCB814ACE1DD}.Release|Any CPU.ActiveCfg = Release|Any CPU
		{12CF2832-03CE-4CDA-B2B9-CCB814ACE1DD}.Release|Any CPU.Build.0 = Release|Any CPU
		{12CF2832-03CE-4CDA-B2B9-CCB814ACE1DD}.Release|x64.ActiveCfg = Release|Any CPU
		{12CF2832-03CE-4CDA-B2B9-CCB814ACE1DD}.Release|x64.Build.0 = Release|Any CPU
		{12CF2832-03CE-4CDA-B2B9-CCB814ACE1DD}.Release|x86.ActiveCfg = Release|Any CPU
		{12CF2832-03CE-4CDA-B2B9-CCB814ACE1DD}.Release|x86.Build.0 = Release|Any CPU
		{83057DD0-2F10-4AC0-9D9A-10758094CBD7}.Debug|Any CPU.ActiveCfg = Debug|Any CPU
		{83057DD0-2F10-4AC0-9D9A-10758094CBD7}.Debug|Any CPU.Build.0 = Debug|Any CPU
		{83057DD0-2F10-4AC0-9D9A-10758094CBD7}.Debug|x64.ActiveCfg = Debug|Any CPU
		{83057DD0-2F10-4AC0-9D9A-10758094CBD7}.Debug|x64.Build.0 = Debug|Any CPU
		{83057DD0-2F10-4AC0-9D9A-10758094CBD7}.Debug|x86.ActiveCfg = Debug|Any CPU
		{83057DD0-2F10-4AC0-9D9A-10758094CBD7}.Debug|x86.Build.0 = Debug|Any CPU
		{83057DD0-2F10-4AC0-9D9A-10758094CBD7}.Release|Any CPU.ActiveCfg = Release|Any CPU
		{83057DD0-2F10-4AC0-9D9A-10758094CBD7}.Release|Any CPU.Build.0 = Release|Any CPU
		{83057DD0-2F10-4AC0-9D9A-10758094CBD7}.Release|x64.ActiveCfg = Release|Any CPU
		{83057DD0-2F10-4AC0-9D9A-10758094CBD7}.Release|x64.Build.0 = Release|Any CPU
		{83057DD0-2F10-4AC0-9D9A-10758094CBD7}.Release|x86.ActiveCfg = Release|Any CPU
		{83057DD0-2F10-4AC0-9D9A-10758094CBD7}.Release|x86.Build.0 = Release|Any CPU
		{FD75C5B0-06E5-42C4-8744-70DD626686FE}.Debug|Any CPU.ActiveCfg = Debug|Any CPU
		{FD75C5B0-06E5-42C4-8744-70DD626686FE}.Debug|Any CPU.Build.0 = Debug|Any CPU
		{FD75C5B0-06E5-42C4-8744-70DD626686FE}.Debug|x64.ActiveCfg = Debug|Any CPU
		{FD75C5B0-06E5-42C4-8744-70DD626686FE}.Debug|x64.Build.0 = Debug|Any CPU
		{FD75C5B0-06E5-42C4-8744-70DD626686FE}.Debug|x86.ActiveCfg = Debug|Any CPU
		{FD75C5B0-06E5-42C4-8744-70DD626686FE}.Debug|x86.Build.0 = Debug|Any CPU
		{FD75C5B0-06E5-42C4-8744-70DD626686FE}.Release|Any CPU.ActiveCfg = Release|Any CPU
		{FD75C5B0-06E5-42C4-8744-70DD626686FE}.Release|Any CPU.Build.0 = Release|Any CPU
		{FD75C5B0-06E5-42C4-8744-70DD626686FE}.Release|x64.ActiveCfg = Release|Any CPU
		{FD75C5B0-06E5-42C4-8744-70DD626686FE}.Release|x64.Build.0 = Release|Any CPU
		{FD75C5B0-06E5-42C4-8744-70DD626686FE}.Release|x86.ActiveCfg = Release|Any CPU
		{FD75C5B0-06E5-42C4-8744-70DD626686FE}.Release|x86.Build.0 = Release|Any CPU
	EndGlobalSection
	GlobalSection(SolutionProperties) = preSolution
		HideSolutionNode = FALSE
	EndGlobalSection
	GlobalSection(ExtensibilityGlobals) = postSolution
		SolutionGuid = {FCB04186-DFB0-4E2A-92B2-E20F4C3F7DC4}
	EndGlobalSection
EndGlobal
