
Microsoft Visual Studio Solution File, Format Version 12.00
# Visual Studio Version 16
VisualStudioVersion = 16.0.29926.136
MinimumVisualStudioVersion = 10.0.40219.1
Project("{9A19103F-16F7-4668-BE54-9A1E7A4F7556}") = "TKZ", "TKZ\TKZ.csproj", "{E42793D8-5B95-4D93-9D43-18A569427359}"
EndProject
Global
	GlobalSection(SolutionConfigurationPlatforms) = preSolution
		Debug|Any CPU = Debug|Any CPU
		Release|Any CPU = Release|Any CPU
	EndGlobalSection
	GlobalSection(ProjectConfigurationPlatforms) = postSolution
		{E42793D8-5B95-4D93-9D43-18A569427359}.Debug|Any CPU.ActiveCfg = Debug|Any CPU
		{E42793D8-5B95-4D93-9D43-18A569427359}.Debug|Any CPU.Build.0 = Debug|Any CPU
		{E42793D8-5B95-4D93-9D43-18A569427359}.Release|Any CPU.ActiveCfg = Release|Any CPU
		{E42793D8-5B95-4D93-9D43-18A569427359}.Release|Any CPU.Build.0 = Release|Any CPU
	EndGlobalSection
	GlobalSection(SolutionProperties) = preSolution
		HideSolutionNode = FALSE
	EndGlobalSection
	GlobalSection(ExtensibilityGlobals) = postSolution
		SolutionGuid = {745CB7F6-DAA0-4B68-898F-12689FC2B151}
	EndGlobalSection
EndGlobal
